
Microsoft Visual Studio Solution File, Format Version 12.00
# Visual Studio Version 17
VisualStudioVersion = 17.7.34024.191
MinimumVisualStudioVersion = 10.0.40219.1
Project("{9A19103F-16F7-4668-BE54-9A1E7A4F7556}") = "Qno1", "..\Qno1\Qno1.csproj", "{5D108A4D-DF83-4E86-A323-614293A57E88}"
EndProject
Project("{9A19103F-16F7-4668-BE54-9A1E7A4F7556}") = "Qno2", "..\Qno2\Qno2.csproj", "{60FE8F2E-1F25-45B2-8338-B5254DB029A1}"
EndProject
Project("{9A19103F-16F7-4668-BE54-9A1E7A4F7556}") = "Qno.3a", "..\Qno.3a\Qno.3a.csproj", "{AD352743-A012-4488-89E9-42EFB43D4077}"
EndProject
Project("{9A19103F-16F7-4668-BE54-9A1E7A4F7556}") = "Qno.3b", "..\Qno.3b\Qno.3b.csproj", "{32839D8A-CDCA-4E71-B246-301A14AA30B0}"
EndProject
Project("{9A19103F-16F7-4668-BE54-9A1E7A4F7556}") = "Qno.3c", "..\Qno.3c\Qno.3c.csproj", "{2F884D71-8DB5-45CB-9588-AE4FAF25301E}"
EndProject
Project("{9A19103F-16F7-4668-BE54-9A1E7A4F7556}") = "Qno.4", "..\Qno.4\Qno.4.csproj", "{DEDCDB6D-CC90-4FDA-BEAB-BE64BB01EF0B}"
EndProject
Project("{9A19103F-16F7-4668-BE54-9A1E7A4F7556}") = "Qno.5", "..\Qno.5\Qno.5.csproj", "{14F2C113-6611-4C3B-806E-AD3C3F7432DE}"
EndProject
Project("{9A19103F-16F7-4668-BE54-9A1E7A4F7556}") = "Qno.6", "..\Qno.6\Qno.6.csproj", "{26578E38-691F-430E-9349-BE5A59D7871B}"
EndProject
Project("{9A19103F-16F7-4668-BE54-9A1E7A4F7556}") = "Qno.7", "..\Qno.7\Qno.7.csproj", "{031F9CAB-C771-4973-9221-82C6DF8AB050}"
EndProject
Project("{9A19103F-16F7-4668-BE54-9A1E7A4F7556}") = "Qno.8a", "..\Qno.8a\Qno.8a.csproj", "{608F3980-9E30-403F-B4F1-CF850B976A56}"
EndProject
Project("{9A19103F-16F7-4668-BE54-9A1E7A4F7556}") = "Qno.8b", "..\Qno.8b\Qno.8b.csproj", "{2054AC94-F3ED-4C25-8710-E132695A8658}"
EndProject
Project("{9A19103F-16F7-4668-BE54-9A1E7A4F7556}") = "Qno.8c", "..\Qno.8c\Qno.8c.csproj", "{F3CB347F-F499-4273-A713-DA7F609B3FD8}"
EndProject
Project("{9A19103F-16F7-4668-BE54-9A1E7A4F7556}") = "Qno.9", "..\Qno.9\Qno.9.csproj", "{08FCEE79-8EEB-4DBA-9BB6-A4032243E205}"
EndProject
Project("{9A19103F-16F7-4668-BE54-9A1E7A4F7556}") = "Qno.10", "..\Qno.10\Qno.10.csproj", "{845559F8-9788-4683-855A-3DEFB8099631}"
EndProject
Project("{9A19103F-16F7-4668-BE54-9A1E7A4F7556}") = "Qno.11", "..\Qno.11\Qno.11.csproj", "{FA7A67BE-A2B3-426F-BB54-D23928301472}"
EndProject
Project("{9A19103F-16F7-4668-BE54-9A1E7A4F7556}") = "Qno.12", "..\Qno.12\Qno.12.csproj", "{B482652F-E60D-4E52-A157-697EA67E62E1}"
EndProject
Project("{9A19103F-16F7-4668-BE54-9A1E7A4F7556}") = "Qno.13a", "..\Qno.13a\Qno.13a.csproj", "{B1942C23-BDD2-4E6F-8C8D-5BE8EF6B8684}"
EndProject
Project("{9A19103F-16F7-4668-BE54-9A1E7A4F7556}") = "Qno.13b", "..\Qno.13b\Qno.13b.csproj", "{CC9EA453-69C2-4D14-8298-2CC7FBFE12C9}"
EndProject
Project("{9A19103F-16F7-4668-BE54-9A1E7A4F7556}") = "Qno.13c", "..\Qno.13c\Qno.13c.csproj", "{C2578227-FDCB-4588-8E3D-F0AEC5497C7E}"
EndProject
Project("{9A19103F-16F7-4668-BE54-9A1E7A4F7556}") = "Qno.13d", "..\Qno.13d\Qno.13d.csproj", "{37F0C3E1-BDE5-4EC2-ADD5-CA23D5D4C6B0}"
EndProject
Project("{9A19103F-16F7-4668-BE54-9A1E7A4F7556}") = "Qno.13e", "..\Qno.13e\Qno.13e.csproj", "{C371DC14-5EC3-4583-94C0-CE6A3E27ACF7}"
EndProject
Project("{9A19103F-16F7-4668-BE54-9A1E7A4F7556}") = "Qno.13f", "..\Qno.13f\Qno.13f.csproj", "{141F1D58-69C0-4F00-901D-2DFAF1EFA7CD}"
EndProject
Project("{9A19103F-16F7-4668-BE54-9A1E7A4F7556}") = "Qno.14", "..\Qno.14\Qno.14.csproj", "{88CEDE0F-13EA-42C5-A7A0-2106D34D4E1E}"
EndProject
Project("{9A19103F-16F7-4668-BE54-9A1E7A4F7556}") = "Qno.15", "..\Qno.15a\Qno.15.csproj", "{E72E12E1-E5B3-45FA-8EEB-A56DBAB0E3FE}"
EndProject
Project("{9A19103F-16F7-4668-BE54-9A1E7A4F7556}") = "Qno.16", "..\Qno.16\Qno.16.csproj", "{5DCA99DF-9977-4AF6-9300-16ED8F61B3C5}"
EndProject
Project("{9A19103F-16F7-4668-BE54-9A1E7A4F7556}") = "Qno.17", "..\Qno.17\Qno.17.csproj", "{37EB5225-E7A0-43A5-B3EC-3EA3F04A39BC}"
EndProject
Project("{9A19103F-16F7-4668-BE54-9A1E7A4F7556}") = "Qno.18", "..\Qno.18\Qno.18.csproj", "{0CDFC2B8-BDFD-4031-BD47-60E65A58499A}"
EndProject
Project("{FAE04EC0-301F-11D3-BF4B-00C04F79EFBC}") = "Utility", "utils\Utility.csproj", "{3B35BC6E-5455-4A86-91D4-DA402B521759}"
EndProject
Global
	GlobalSection(SolutionConfigurationPlatforms) = preSolution
		Debug|Any CPU = Debug|Any CPU
		Release|Any CPU = Release|Any CPU
	EndGlobalSection
	GlobalSection(ProjectConfigurationPlatforms) = postSolution
		{5D108A4D-DF83-4E86-A323-614293A57E88}.Debug|Any CPU.ActiveCfg = Debug|Any CPU
		{5D108A4D-DF83-4E86-A323-614293A57E88}.Debug|Any CPU.Build.0 = Debug|Any CPU
		{5D108A4D-DF83-4E86-A323-614293A57E88}.Release|Any CPU.ActiveCfg = Release|Any CPU
		{5D108A4D-DF83-4E86-A323-614293A57E88}.Release|Any CPU.Build.0 = Release|Any CPU
		{60FE8F2E-1F25-45B2-8338-B5254DB029A1}.Debug|Any CPU.ActiveCfg = Debug|Any CPU
		{60FE8F2E-1F25-45B2-8338-B5254DB029A1}.Debug|Any CPU.Build.0 = Debug|Any CPU
		{60FE8F2E-1F25-45B2-8338-B5254DB029A1}.Release|Any CPU.ActiveCfg = Release|Any CPU
		{60FE8F2E-1F25-45B2-8338-B5254DB029A1}.Release|Any CPU.Build.0 = Release|Any CPU
		{AD352743-A012-4488-89E9-42EFB43D4077}.Debug|Any CPU.ActiveCfg = Debug|Any CPU
		{AD352743-A012-4488-89E9-42EFB43D4077}.Debug|Any CPU.Build.0 = Debug|Any CPU
		{AD352743-A012-4488-89E9-42EFB43D4077}.Release|Any CPU.ActiveCfg = Release|Any CPU
		{AD352743-A012-4488-89E9-42EFB43D4077}.Release|Any CPU.Build.0 = Release|Any CPU
		{32839D8A-CDCA-4E71-B246-301A14AA30B0}.Debug|Any CPU.ActiveCfg = Debug|Any CPU
		{32839D8A-CDCA-4E71-B246-301A14AA30B0}.Debug|Any CPU.Build.0 = Debug|Any CPU
		{32839D8A-CDCA-4E71-B246-301A14AA30B0}.Release|Any CPU.ActiveCfg = Release|Any CPU
		{32839D8A-CDCA-4E71-B246-301A14AA30B0}.Release|Any CPU.Build.0 = Release|Any CPU
		{2F884D71-8DB5-45CB-9588-AE4FAF25301E}.Debug|Any CPU.ActiveCfg = Debug|Any CPU
		{2F884D71-8DB5-45CB-9588-AE4FAF25301E}.Debug|Any CPU.Build.0 = Debug|Any CPU
		{2F884D71-8DB5-45CB-9588-AE4FAF25301E}.Release|Any CPU.ActiveCfg = Release|Any CPU
		{2F884D71-8DB5-45CB-9588-AE4FAF25301E}.Release|Any CPU.Build.0 = Release|Any CPU
		{DEDCDB6D-CC90-4FDA-BEAB-BE64BB01EF0B}.Debug|Any CPU.ActiveCfg = Debug|Any CPU
		{DEDCDB6D-CC90-4FDA-BEAB-BE64BB01EF0B}.Debug|Any CPU.Build.0 = Debug|Any CPU
		{DEDCDB6D-CC90-4FDA-BEAB-BE64BB01EF0B}.Release|Any CPU.ActiveCfg = Release|Any CPU
		{DEDCDB6D-CC90-4FDA-BEAB-BE64BB01EF0B}.Release|Any CPU.Build.0 = Release|Any CPU
		{14F2C113-6611-4C3B-806E-AD3C3F7432DE}.Debug|Any CPU.ActiveCfg = Debug|Any CPU
		{14F2C113-6611-4C3B-806E-AD3C3F7432DE}.Debug|Any CPU.Build.0 = Debug|Any CPU
		{14F2C113-6611-4C3B-806E-AD3C3F7432DE}.Release|Any CPU.ActiveCfg = Release|Any CPU
		{14F2C113-6611-4C3B-806E-AD3C3F7432DE}.Release|Any CPU.Build.0 = Release|Any CPU
		{26578E38-691F-430E-9349-BE5A59D7871B}.Debug|Any CPU.ActiveCfg = Debug|Any CPU
		{26578E38-691F-430E-9349-BE5A59D7871B}.Debug|Any CPU.Build.0 = Debug|Any CPU
		{26578E38-691F-430E-9349-BE5A59D7871B}.Release|Any CPU.ActiveCfg = Release|Any CPU
		{26578E38-691F-430E-9349-BE5A59D7871B}.Release|Any CPU.Build.0 = Release|Any CPU
		{031F9CAB-C771-4973-9221-82C6DF8AB050}.Debug|Any CPU.ActiveCfg = Debug|Any CPU
		{031F9CAB-C771-4973-9221-82C6DF8AB050}.Debug|Any CPU.Build.0 = Debug|Any CPU
		{031F9CAB-C771-4973-9221-82C6DF8AB050}.Release|Any CPU.ActiveCfg = Release|Any CPU
		{031F9CAB-C771-4973-9221-82C6DF8AB050}.Release|Any CPU.Build.0 = Release|Any CPU
		{608F3980-9E30-403F-B4F1-CF850B976A56}.Debug|Any CPU.ActiveCfg = Debug|Any CPU
		{608F3980-9E30-403F-B4F1-CF850B976A56}.Debug|Any CPU.Build.0 = Debug|Any CPU
		{608F3980-9E30-403F-B4F1-CF850B976A56}.Release|Any CPU.ActiveCfg = Release|Any CPU
		{608F3980-9E30-403F-B4F1-CF850B976A56}.Release|Any CPU.Build.0 = Release|Any CPU
		{2054AC94-F3ED-4C25-8710-E132695A8658}.Debug|Any CPU.ActiveCfg = Debug|Any CPU
		{2054AC94-F3ED-4C25-8710-E132695A8658}.Debug|Any CPU.Build.0 = Debug|Any CPU
		{2054AC94-F3ED-4C25-8710-E132695A8658}.Release|Any CPU.ActiveCfg = Release|Any CPU
		{2054AC94-F3ED-4C25-8710-E132695A8658}.Release|Any CPU.Build.0 = Release|Any CPU
		{F3CB347F-F499-4273-A713-DA7F609B3FD8}.Debug|Any CPU.ActiveCfg = Debug|Any CPU
		{F3CB347F-F499-4273-A713-DA7F609B3FD8}.Debug|Any CPU.Build.0 = Debug|Any CPU
		{F3CB347F-F499-4273-A713-DA7F609B3FD8}.Release|Any CPU.ActiveCfg = Release|Any CPU
		{F3CB347F-F499-4273-A713-DA7F609B3FD8}.Release|Any CPU.Build.0 = Release|Any CPU
		{08FCEE79-8EEB-4DBA-9BB6-A4032243E205}.Debug|Any CPU.ActiveCfg = Debug|Any CPU
		{08FCEE79-8EEB-4DBA-9BB6-A4032243E205}.Debug|Any CPU.Build.0 = Debug|Any CPU
		{08FCEE79-8EEB-4DBA-9BB6-A4032243E205}.Release|Any CPU.ActiveCfg = Release|Any CPU
		{08FCEE79-8EEB-4DBA-9BB6-A4032243E205}.Release|Any CPU.Build.0 = Release|Any CPU
		{845559F8-9788-4683-855A-3DEFB8099631}.Debug|Any CPU.ActiveCfg = Debug|Any CPU
		{845559F8-9788-4683-855A-3DEFB8099631}.Debug|Any CPU.Build.0 = Debug|Any CPU
		{845559F8-9788-4683-855A-3DEFB8099631}.Release|Any CPU.ActiveCfg = Release|Any CPU
		{845559F8-9788-4683-855A-3DEFB8099631}.Release|Any CPU.Build.0 = Release|Any CPU
		{FA7A67BE-A2B3-426F-BB54-D23928301472}.Debug|Any CPU.ActiveCfg = Debug|Any CPU
		{FA7A67BE-A2B3-426F-BB54-D23928301472}.Debug|Any CPU.Build.0 = Debug|Any CPU
		{FA7A67BE-A2B3-426F-BB54-D23928301472}.Release|Any CPU.ActiveCfg = Release|Any CPU
		{FA7A67BE-A2B3-426F-BB54-D23928301472}.Release|Any CPU.Build.0 = Release|Any CPU
		{B482652F-E60D-4E52-A157-697EA67E62E1}.Debug|Any CPU.ActiveCfg = Debug|Any CPU
		{B482652F-E60D-4E52-A157-697EA67E62E1}.Debug|Any CPU.Build.0 = Debug|Any CPU
		{B482652F-E60D-4E52-A157-697EA67E62E1}.Release|Any CPU.ActiveCfg = Release|Any CPU
		{B482652F-E60D-4E52-A157-697EA67E62E1}.Release|Any CPU.Build.0 = Release|Any CPU
		{B1942C23-BDD2-4E6F-8C8D-5BE8EF6B8684}.Debug|Any CPU.ActiveCfg = Debug|Any CPU
		{B1942C23-BDD2-4E6F-8C8D-5BE8EF6B8684}.Debug|Any CPU.Build.0 = Debug|Any CPU
		{B1942C23-BDD2-4E6F-8C8D-5BE8EF6B8684}.Release|Any CPU.ActiveCfg = Release|Any CPU
		{B1942C23-BDD2-4E6F-8C8D-5BE8EF6B8684}.Release|Any CPU.Build.0 = Release|Any CPU
		{CC9EA453-69C2-4D14-8298-2CC7FBFE12C9}.Debug|Any CPU.ActiveCfg = Debug|Any CPU
		{CC9EA453-69C2-4D14-8298-2CC7FBFE12C9}.Debug|Any CPU.Build.0 = Debug|Any CPU
		{CC9EA453-69C2-4D14-8298-2CC7FBFE12C9}.Release|Any CPU.ActiveCfg = Release|Any CPU
		{CC9EA453-69C2-4D14-8298-2CC7FBFE12C9}.Release|Any CPU.Build.0 = Release|Any CPU
		{C2578227-FDCB-4588-8E3D-F0AEC5497C7E}.Debug|Any CPU.ActiveCfg = Debug|Any CPU
		{C2578227-FDCB-4588-8E3D-F0AEC5497C7E}.Debug|Any CPU.Build.0 = Debug|Any CPU
		{C2578227-FDCB-4588-8E3D-F0AEC5497C7E}.Release|Any CPU.ActiveCfg = Release|Any CPU
		{C2578227-FDCB-4588-8E3D-F0AEC5497C7E}.Release|Any CPU.Build.0 = Release|Any CPU
		{37F0C3E1-BDE5-4EC2-ADD5-CA23D5D4C6B0}.Debug|Any CPU.ActiveCfg = Debug|Any CPU
		{37F0C3E1-BDE5-4EC2-ADD5-CA23D5D4C6B0}.Debug|Any CPU.Build.0 = Debug|Any CPU
		{37F0C3E1-BDE5-4EC2-ADD5-CA23D5D4C6B0}.Release|Any CPU.ActiveCfg = Release|Any CPU
		{37F0C3E1-BDE5-4EC2-ADD5-CA23D5D4C6B0}.Release|Any CPU.Build.0 = Release|Any CPU
		{C371DC14-5EC3-4583-94C0-CE6A3E27ACF7}.Debug|Any CPU.ActiveCfg = Debug|Any CPU
		{C371DC14-5EC3-4583-94C0-CE6A3E27ACF7}.Debug|Any CPU.Build.0 = Debug|Any CPU
		{C371DC14-5EC3-4583-94C0-CE6A3E27ACF7}.Release|Any CPU.ActiveCfg = Release|Any CPU
		{C371DC14-5EC3-4583-94C0-CE6A3E27ACF7}.Release|Any CPU.Build.0 = Release|Any CPU
		{141F1D58-69C0-4F00-901D-2DFAF1EFA7CD}.Debug|Any CPU.ActiveCfg = Debug|Any CPU
		{141F1D58-69C0-4F00-901D-2DFAF1EFA7CD}.Debug|Any CPU.Build.0 = Debug|Any CPU
		{141F1D58-69C0-4F00-901D-2DFAF1EFA7CD}.Release|Any CPU.ActiveCfg = Release|Any CPU
		{141F1D58-69C0-4F00-901D-2DFAF1EFA7CD}.Release|Any CPU.Build.0 = Release|Any CPU
		{88CEDE0F-13EA-42C5-A7A0-2106D34D4E1E}.Debug|Any CPU.ActiveCfg = Debug|Any CPU
		{88CEDE0F-13EA-42C5-A7A0-2106D34D4E1E}.Debug|Any CPU.Build.0 = Debug|Any CPU
		{88CEDE0F-13EA-42C5-A7A0-2106D34D4E1E}.Release|Any CPU.ActiveCfg = Release|Any CPU
		{88CEDE0F-13EA-42C5-A7A0-2106D34D4E1E}.Release|Any CPU.Build.0 = Release|Any CPU
		{E72E12E1-E5B3-45FA-8EEB-A56DBAB0E3FE}.Debug|Any CPU.ActiveCfg = Debug|Any CPU
		{E72E12E1-E5B3-45FA-8EEB-A56DBAB0E3FE}.Debug|Any CPU.Build.0 = Debug|Any CPU
		{E72E12E1-E5B3-45FA-8EEB-A56DBAB0E3FE}.Release|Any CPU.ActiveCfg = Release|Any CPU
		{E72E12E1-E5B3-45FA-8EEB-A56DBAB0E3FE}.Release|Any CPU.Build.0 = Release|Any CPU
		{5DCA99DF-9977-4AF6-9300-16ED8F61B3C5}.Debug|Any CPU.ActiveCfg = Debug|Any CPU
		{5DCA99DF-9977-4AF6-9300-16ED8F61B3C5}.Debug|Any CPU.Build.0 = Debug|Any CPU
		{5DCA99DF-9977-4AF6-9300-16ED8F61B3C5}.Release|Any CPU.ActiveCfg = Release|Any CPU
		{5DCA99DF-9977-4AF6-9300-16ED8F61B3C5}.Release|Any CPU.Build.0 = Release|Any CPU
		{37EB5225-E7A0-43A5-B3EC-3EA3F04A39BC}.Debug|Any CPU.ActiveCfg = Debug|Any CPU
		{37EB5225-E7A0-43A5-B3EC-3EA3F04A39BC}.Debug|Any CPU.Build.0 = Debug|Any CPU
		{37EB5225-E7A0-43A5-B3EC-3EA3F04A39BC}.Release|Any CPU.ActiveCfg = Release|Any CPU
		{37EB5225-E7A0-43A5-B3EC-3EA3F04A39BC}.Release|Any CPU.Build.0 = Release|Any CPU
		{0CDFC2B8-BDFD-4031-BD47-60E65A58499A}.Debug|Any CPU.ActiveCfg = Debug|Any CPU
		{0CDFC2B8-BDFD-4031-BD47-60E65A58499A}.Debug|Any CPU.Build.0 = Debug|Any CPU
		{0CDFC2B8-BDFD-4031-BD47-60E65A58499A}.Release|Any CPU.ActiveCfg = Release|Any CPU
		{0CDFC2B8-BDFD-4031-BD47-60E65A58499A}.Release|Any CPU.Build.0 = Release|Any CPU
		{3B35BC6E-5455-4A86-91D4-DA402B521759}.Debug|Any CPU.ActiveCfg = Debug|Any CPU
		{3B35BC6E-5455-4A86-91D4-DA402B521759}.Debug|Any CPU.Build.0 = Debug|Any CPU
		{3B35BC6E-5455-4A86-91D4-DA402B521759}.Release|Any CPU.ActiveCfg = Release|Any CPU
		{3B35BC6E-5455-4A86-91D4-DA402B521759}.Release|Any CPU.Build.0 = Release|Any CPU
	EndGlobalSection
	GlobalSection(SolutionProperties) = preSolution
		HideSolutionNode = FALSE
	EndGlobalSection
	GlobalSection(ExtensibilityGlobals) = postSolution
		SolutionGuid = {9D869CDF-0B71-47CA-8E8C-B51ED2A0982A}
	EndGlobalSection
EndGlobal
